
Microsoft Visual Studio Solution File, Format Version 12.00
# Visual Studio Version 16
VisualStudioVersion = 16.0.30517.126
MinimumVisualStudioVersion = 10.0.40219.1
Project("{FAE04EC0-301F-11D3-BF4B-00C04F79EFBC}") = "FilesAndObjects", "FilesAndObjects\FilesAndObjects.csproj", "{22801930-C416-4E33-88B0-AA9B639AA477}"
EndProject
Global
	GlobalSection(SolutionConfigurationPlatforms) = preSolution
		Debug|Any CPU = Debug|Any CPU
		Release|Any CPU = Release|Any CPU
	EndGlobalSection
	GlobalSection(ProjectConfigurationPlatforms) = postSolution
		{22801930-C416-4E33-88B0-AA9B639AA477}.Debug|Any CPU.ActiveCfg = Debug|Any CPU
		{22801930-C416-4E33-88B0-AA9B639AA477}.Debug|Any CPU.Build.0 = Debug|Any CPU
		{22801930-C416-4E33-88B0-AA9B639AA477}.Release|Any CPU.ActiveCfg = Release|Any CPU
		{22801930-C416-4E33-88B0-AA9B639AA477}.Release|Any CPU.Build.0 = Release|Any CPU
	EndGlobalSection
	GlobalSection(SolutionProperties) = preSolution
		HideSolutionNode = FALSE
	EndGlobalSection
	GlobalSection(ExtensibilityGlobals) = postSolution
		SolutionGuid = {DFE35E9D-1B72-4830-B44A-05E41888A888}
	EndGlobalSection
EndGlobal
